
Microsoft Visual Studio Solution File, Format Version 12.00
# Visual Studio 15
Project("{FAE04EC0-301F-11D3-BF4B-00C04F79EFBC}") = "Assembly-CSharp", "Assembly-CSharp.csproj", "{59C78F88-3810-7471-520C-2EAACA2E543F}"
EndProject
Project("{FAE04EC0-301F-11D3-BF4B-00C04F79EFBC}") = "Assembly-CSharp-Editor", "Assembly-CSharp-Editor.csproj", "{0D6EFC3B-09FB-0B8C-7FAA-E3D0418E2C25}"
EndProject
Global
	GlobalSection(SolutionConfigurationPlatforms) = preSolution
		Debug|Any CPU = Debug|Any CPU
		Release|Any CPU = Release|Any CPU
	EndGlobalSection
	GlobalSection(ProjectConfigurationPlatforms) = postSolution
		{59C78F88-3810-7471-520C-2EAACA2E543F}.Debug|Any CPU.ActiveCfg = Debug|Any CPU
		{59C78F88-3810-7471-520C-2EAACA2E543F}.Debug|Any CPU.Build.0 = Debug|Any CPU
		{59C78F88-3810-7471-520C-2EAACA2E543F}.Release|Any CPU.ActiveCfg = Release|Any CPU
		{59C78F88-3810-7471-520C-2EAACA2E543F}.Release|Any CPU.Build.0 = Release|Any CPU
		{0D6EFC3B-09FB-0B8C-7FAA-E3D0418E2C25}.Debug|Any CPU.ActiveCfg = Debug|Any CPU
		{0D6EFC3B-09FB-0B8C-7FAA-E3D0418E2C25}.Debug|Any CPU.Build.0 = Debug|Any CPU
		{0D6EFC3B-09FB-0B8C-7FAA-E3D0418E2C25}.Release|Any CPU.ActiveCfg = Release|Any CPU
		{0D6EFC3B-09FB-0B8C-7FAA-E3D0418E2C25}.Release|Any CPU.Build.0 = Release|Any CPU
	EndGlobalSection
	GlobalSection(SolutionProperties) = preSolution
		HideSolutionNode = FALSE
	EndGlobalSection
EndGlobal
